// !$*UTF8*$!
{
	archiveVersion = 1;
	classes = {
	};
	objectVersion = 56;
	objects = {

/* Begin PBXBuildFile section */
		1CB0D50D2B090BD5006A1BF3 /* Alerts.swift in Sources */ = {isa = PBXBuildFile; fileRef = 1CB0D50C2B090BD5006A1BF3 /* Alerts.swift */; };
		1CCA2AF52AFFEA79002A320C /* ios_tiktaktoeApp.swift in Sources */ = {isa = PBXBuildFile; fileRef = 1CCA2AF42AFFEA79002A320C /* ios_tiktaktoeApp.swift */; };
		1CCA2AF72AFFEA79002A320C /* ContentView.swift in Sources */ = {isa = PBXBuildFile; fileRef = 1CCA2AF62AFFEA79002A320C /* ContentView.swift */; };
		1CCA2AF92AFFEA7A002A320C /* Assets.xcassets in Resources */ = {isa = PBXBuildFile; fileRef = 1CCA2AF82AFFEA7A002A320C /* Assets.xcassets */; };
		1CCA2AFC2AFFEA7A002A320C /* Preview Assets.xcassets in Resources */ = {isa = PBXBuildFile; fileRef = 1CCA2AFB2AFFEA7A002A320C /* Preview Assets.xcassets */; };
		1CCA2B062AFFEA7B002A320C /* ios_tiktaktoeTests.swift in Sources */ = {isa = PBXBuildFile; fileRef = 1CCA2B052AFFEA7B002A320C /* ios_tiktaktoeTests.swift */; };
		1CCA2B102AFFEA7B002A320C /* ios_tiktaktoeUITests.swift in Sources */ = {isa = PBXBuildFile; fileRef = 1CCA2B0F2AFFEA7B002A320C /* ios_tiktaktoeUITests.swift */; };
		1CCA2B122AFFEA7B002A320C /* ios_tiktaktoeUITestsLaunchTests.swift in Sources */ = {isa = PBXBuildFile; fileRef = 1CCA2B112AFFEA7B002A320C /* ios_tiktaktoeUITestsLaunchTests.swift */; };
/* End PBXBuildFile section */

/* Begin PBXContainerItemProxy section */
		1CCA2B022AFFEA7B002A320C /* PBXContainerItemProxy */ = {
			isa = PBXContainerItemProxy;
			containerPortal = 1CCA2AE92AFFEA79002A320C /* Project object */;
			proxyType = 1;
			remoteGlobalIDString = 1CCA2AF02AFFEA79002A320C;
			remoteInfo = "ios calculator";
		};
		1CCA2B0C2AFFEA7B002A320C /* PBXContainerItemProxy */ = {
			isa = PBXContainerItemProxy;
			containerPortal = 1CCA2AE92AFFEA79002A320C /* Project object */;
			proxyType = 1;
			remoteGlobalIDString = 1CCA2AF02AFFEA79002A320C;
			remoteInfo = "ios calculator";
		};
/* End PBXContainerItemProxy section */

/* Begin PBXFileReference section */
		1CB0D50C2B090BD5006A1BF3 /* Alerts.swift */ = {isa = PBXFileReference; lastKnownFileType = sourcecode.swift; path = Alerts.swift; sourceTree = "<group>"; };
		1CCA2AF12AFFEA79002A320C /* ios tiktaktoe.app */ = {isa = PBXFileReference; explicitFileType = wrapper.application; includeInIndex = 0; path = "ios tiktaktoe.app"; sourceTree = BUILT_PRODUCTS_DIR; };
		1CCA2AF42AFFEA79002A320C /* ios_tiktaktoeApp.swift */ = {isa = PBXFileReference; lastKnownFileType = sourcecode.swift; path = ios_tiktaktoeApp.swift; sourceTree = "<group>"; };
		1CCA2AF62AFFEA79002A320C /* ContentView.swift */ = {isa = PBXFileReference; lastKnownFileType = sourcecode.swift; path = ContentView.swift; sourceTree = "<group>"; };
		1CCA2AF82AFFEA7A002A320C /* Assets.xcassets */ = {isa = PBXFileReference; lastKnownFileType = folder.assetcatalog; path = Assets.xcassets; sourceTree = "<group>"; };
		1CCA2AFB2AFFEA7A002A320C /* Preview Assets.xcassets */ = {isa = PBXFileReference; lastKnownFileType = folder.assetcatalog; path = "Preview Assets.xcassets"; sourceTree = "<group>"; };
		1CCA2B012AFFEA7B002A320C /* ios tiktaktoeTests.xctest */ = {isa = PBXFileReference; explicitFileType = wrapper.cfbundle; includeInIndex = 0; path = "ios tiktaktoeTests.xctest"; sourceTree = BUILT_PRODUCTS_DIR; };
		1CCA2B052AFFEA7B002A320C /* ios_tiktaktoeTests.swift */ = {isa = PBXFileReference; lastKnownFileType = sourcecode.swift; path = ios_tiktaktoeTests.swift; sourceTree = "<group>"; };
		1CCA2B0B2AFFEA7B002A320C /* ios tiktaktoeUITests.xctest */ = {isa = PBXFileReference; explicitFileType = wrapper.cfbundle; includeInIndex = 0; path = "ios tiktaktoeUITests.xctest"; sourceTree = BUILT_PRODUCTS_DIR; };
		1CCA2B0F2AFFEA7B002A320C /* ios_tiktaktoeUITests.swift */ = {isa = PBXFileReference; lastKnownFileType = sourcecode.swift; path = ios_tiktaktoeUITests.swift; sourceTree = "<group>"; };
		1CCA2B112AFFEA7B002A320C /* ios_tiktaktoeUITestsLaunchTests.swift */ = {isa = PBXFileReference; lastKnownFileType = sourcecode.swift; path = ios_tiktaktoeUITestsLaunchTests.swift; sourceTree = "<group>"; };
/* End PBXFileReference section */

/* Begin PBXFrameworksBuildPhase section */
		1CCA2AEE2AFFEA79002A320C /* Frameworks */ = {
			isa = PBXFrameworksBuildPhase;
			buildActionMask = 2147483647;
			files = (
			);
			runOnlyForDeploymentPostprocessing = 0;
		};
		1CCA2AFE2AFFEA7B002A320C /* Frameworks */ = {
			isa = PBXFrameworksBuildPhase;
			buildActionMask = 2147483647;
			files = (
			);
			runOnlyForDeploymentPostprocessing = 0;
		};
		1CCA2B082AFFEA7B002A320C /* Frameworks */ = {
			isa = PBXFrameworksBuildPhase;
			buildActionMask = 2147483647;
			files = (
			);
			runOnlyForDeploymentPostprocessing = 0;
		};
/* End PBXFrameworksBuildPhase section */

/* Begin PBXGroup section */
		1CCA2AE82AFFEA79002A320C = {
			isa = PBXGroup;
			children = (
				1CCA2AF32AFFEA79002A320C /* ios tiktaktoe */,
				1CCA2B042AFFEA7B002A320C /* ios tiktaktoeTests */,
				1CCA2B0E2AFFEA7B002A320C /* ios tiktaktoeUITests */,
				1CCA2AF22AFFEA79002A320C /* Products */,
			);
			sourceTree = "<group>";
		};
		1CCA2AF22AFFEA79002A320C /* Products */ = {
			isa = PBXGroup;
			children = (
				1CCA2AF12AFFEA79002A320C /* ios tiktaktoe.app */,
				1CCA2B012AFFEA7B002A320C /* ios tiktaktoeTests.xctest */,
				1CCA2B0B2AFFEA7B002A320C /* ios tiktaktoeUITests.xctest */,
			);
			name = Products;
			sourceTree = "<group>";
		};
		1CCA2AF32AFFEA79002A320C /* ios tiktaktoe */ = {
			isa = PBXGroup;
			children = (
				1CCA2AF42AFFEA79002A320C /* ios_tiktaktoeApp.swift */,
				1CB0D50C2B090BD5006A1BF3 /* Alerts.swift */,
				1CCA2AF62AFFEA79002A320C /* ContentView.swift */,
				1CCA2AF82AFFEA7A002A320C /* Assets.xcassets */,
				1CCA2AFA2AFFEA7A002A320C /* Preview Content */,
			);
			path = "ios tiktaktoe";
			sourceTree = "<group>";
		};
		1CCA2AFA2AFFEA7A002A320C /* Preview Content */ = {
			isa = PBXGroup;
			children = (
				1CCA2AFB2AFFEA7A002A320C /* Preview Assets.xcassets */,
			);
			path = "Preview Content";
			sourceTree = "<group>";
		};
		1CCA2B042AFFEA7B002A320C /* ios tiktaktoeTests */ = {
			isa = PBXGroup;
			children = (
				1CCA2B052AFFEA7B002A320C /* ios_tiktaktoeTests.swift */,
			);
			path = "ios tiktaktoeTests";
			sourceTree = "<group>";
		};
		1CCA2B0E2AFFEA7B002A320C /* ios tiktaktoeUITests */ = {
			isa = PBXGroup;
			children = (
				1CCA2B0F2AFFEA7B002A320C /* ios_tiktaktoeUITests.swift */,
				1CCA2B112AFFEA7B002A320C /* ios_tiktaktoeUITestsLaunchTests.swift */,
			);
			path = "ios tiktaktoeUITests";
			sourceTree = "<group>";
		};
/* End PBXGroup section */

/* Begin PBXNativeTarget section */
		1CCA2AF02AFFEA79002A320C /* ios tiktaktoe */ = {
			isa = PBXNativeTarget;
			buildConfigurationList = 1CCA2B152AFFEA7B002A320C /* Build configuration list for PBXNativeTarget "ios tiktaktoe" */;
			buildPhases = (
				1CCA2AED2AFFEA79002A320C /* Sources */,
				1CCA2AEE2AFFEA79002A320C /* Frameworks */,
				1CCA2AEF2AFFEA79002A320C /* Resources */,
			);
			buildRules = (
			);
			dependencies = (
			);
			name = "ios tiktaktoe";
			productName = "ios calculator";
			productReference = 1CCA2AF12AFFEA79002A320C /* ios tiktaktoe.app */;
			productType = "com.apple.product-type.application";
		};
		1CCA2B002AFFEA7B002A320C /* ios tiktaktoeTests */ = {
			isa = PBXNativeTarget;
			buildConfigurationList = 1CCA2B182AFFEA7B002A320C /* Build configuration list for PBXNativeTarget "ios tiktaktoeTests" */;
			buildPhases = (
				1CCA2AFD2AFFEA7B002A320C /* Sources */,
				1CCA2AFE2AFFEA7B002A320C /* Frameworks */,
				1CCA2AFF2AFFEA7B002A320C /* Resources */,
			);
			buildRules = (
			);
			dependencies = (
				1CCA2B032AFFEA7B002A320C /* PBXTargetDependency */,
			);
			name = "ios tiktaktoeTests";
			productName = "ios calculatorTests";
			productReference = 1CCA2B012AFFEA7B002A320C /* ios tiktaktoeTests.xctest */;
			productType = "com.apple.product-type.bundle.unit-test";
		};
		1CCA2B0A2AFFEA7B002A320C /* ios tiktaktoeUITests */ = {
			isa = PBXNativeTarget;
			buildConfigurationList = 1CCA2B1B2AFFEA7B002A320C /* Build configuration list for PBXNativeTarget "ios tiktaktoeUITests" */;
			buildPhases = (
				1CCA2B072AFFEA7B002A320C /* Sources */,
				1CCA2B082AFFEA7B002A320C /* Frameworks */,
				1CCA2B092AFFEA7B002A320C /* Resources */,
			);
			buildRules = (
			);
			dependencies = (
				1CCA2B0D2AFFEA7B002A320C /* PBXTargetDependency */,
			);
			name = "ios tiktaktoeUITests";
			productName = "ios calculatorUITests";
			productReference = 1CCA2B0B2AFFEA7B002A320C /* ios tiktaktoeUITests.xctest */;
			productType = "com.apple.product-type.bundle.ui-testing";
		};
/* End PBXNativeTarget section */

/* Begin PBXProject section */
		1CCA2AE92AFFEA79002A320C /* Project object */ = {
			isa = PBXProject;
			attributes = {
				BuildIndependentTargetsInParallel = 1;
				LastSwiftUpdateCheck = 1430;
				LastUpgradeCheck = 1430;
				TargetAttributes = {
					1CCA2AF02AFFEA79002A320C = {
						CreatedOnToolsVersion = 14.3.1;
					};
					1CCA2B002AFFEA7B002A320C = {
						CreatedOnToolsVersion = 14.3.1;
						TestTargetID = 1CCA2AF02AFFEA79002A320C;
					};
					1CCA2B0A2AFFEA7B002A320C = {
						CreatedOnToolsVersion = 14.3.1;
						TestTargetID = 1CCA2AF02AFFEA79002A320C;
					};
				};
			};
			buildConfigurationList = 1CCA2AEC2AFFEA79002A320C /* Build configuration list for PBXProject "ios tiktaktoe" */;
			compatibilityVersion = "Xcode 14.0";
			developmentRegion = en;
			hasScannedForEncodings = 0;
			knownRegions = (
				en,
				Base,
			);
			mainGroup = 1CCA2AE82AFFEA79002A320C;
			productRefGroup = 1CCA2AF22AFFEA79002A320C /* Products */;
			projectDirPath = "";
			projectRoot = "";
			targets = (
				1CCA2AF02AFFEA79002A320C /* ios tiktaktoe */,
				1CCA2B002AFFEA7B002A320C /* ios tiktaktoeTests */,
				1CCA2B0A2AFFEA7B002A320C /* ios tiktaktoeUITests */,
			);
		};
/* End PBXProject section */

/* Begin PBXResourcesBuildPhase section */
		1CCA2AEF2AFFEA79002A320C /* Resources */ = {
			isa = PBXResourcesBuildPhase;
			buildActionMask = 2147483647;
			files = (
				1CCA2AFC2AFFEA7A002A320C /* Preview Assets.xcassets in Resources */,
				1CCA2AF92AFFEA7A002A320C /* Assets.xcassets in Resources */,
			);
			runOnlyForDeploymentPostprocessing = 0;
		};
		1CCA2AFF2AFFEA7B002A320C /* Resources */ = {
			isa = PBXResourcesBuildPhase;
			buildActionMask = 2147483647;
			files = (
			);
			runOnlyForDeploymentPostprocessing = 0;
		};
		1CCA2B092AFFEA7B002A320C /* Resources */ = {
			isa = PBXResourcesBuildPhase;
			buildActionMask = 2147483647;
			files = (
			);
			runOnlyForDeploymentPostprocessing = 0;
		};
/* End PBXResourcesBuildPhase section */

/* Begin PBXSourcesBuildPhase section */
		1CCA2AED2AFFEA79002A320C /* Sources */ = {
			isa = PBXSourcesBuildPhase;
			buildActionMask = 2147483647;
			files = (
				1CCA2AF72AFFEA79002A320C /* ContentView.swift in Sources */,
				1CB0D50D2B090BD5006A1BF3 /* Alerts.swift in Sources */,
				1CCA2AF52AFFEA79002A320C /* ios_tiktaktoeApp.swift in Sources */,
			);
			runOnlyForDeploymentPostprocessing = 0;
		};
		1CCA2AFD2AFFEA7B002A320C /* Sources */ = {
			isa = PBXSourcesBuildPhase;
			buildActionMask = 2147483647;
			files = (
				1CCA2B062AFFEA7B002A320C /* ios_tiktaktoeTests.swift in Sources */,
			);
			runOnlyForDeploymentPostprocessing = 0;
		};
		1CCA2B072AFFEA7B002A320C /* Sources */ = {
			isa = PBXSourcesBuildPhase;
			buildActionMask = 2147483647;
			files = (
				1CCA2B122AFFEA7B002A320C /* ios_tiktaktoeUITestsLaunchTests.swift in Sources */,
				1CCA2B102AFFEA7B002A320C /* ios_tiktaktoeUITests.swift in Sources */,
			);
			runOnlyForDeploymentPostprocessing = 0;
		};
/* End PBXSourcesBuildPhase section */

/* Begin PBXTargetDependency section */
		1CCA2B032AFFEA7B002A320C /* PBXTargetDependency */ = {
			isa = PBXTargetDependency;
			target = 1CCA2AF02AFFEA79002A320C /* ios tiktaktoe */;
			targetProxy = 1CCA2B022AFFEA7B002A320C /* PBXContainerItemProxy */;
		};
		1CCA2B0D2AFFEA7B002A320C /* PBXTargetDependency */ = {
			isa = PBXTargetDependency;
			target = 1CCA2AF02AFFEA79002A320C /* ios tiktaktoe */;
			targetProxy = 1CCA2B0C2AFFEA7B002A320C /* PBXContainerItemProxy */;
		};
/* End PBXTargetDependency section */

/* Begin XCBuildConfiguration section */
		1CCA2B132AFFEA7B002A320C /* Debug */ = {
			isa = XCBuildConfiguration;
			buildSettings = {
				ALWAYS_SEARCH_USER_PATHS = NO;
				CLANG_ANALYZER_NONNULL = YES;
				CLANG_ANALYZER_NUMBER_OBJECT_CONVERSION = YES_AGGRESSIVE;
				CLANG_CXX_LANGUAGE_STANDARD = "gnu++20";
				CLANG_ENABLE_MODULES = YES;
				CLANG_ENABLE_OBJC_ARC = YES;
				CLANG_ENABLE_OBJC_WEAK = YES;
				CLANG_WARN_BLOCK_CAPTURE_AUTORELEASING = YES;
				CLANG_WARN_BOOL_CONVERSION = YES;
				CLANG_WARN_COMMA = YES;
				CLANG_WARN_CONSTANT_CONVERSION = YES;
				CLANG_WARN_DEPRECATED_OBJC_IMPLEMENTATIONS = YES;
				CLANG_WARN_DIRECT_OBJC_ISA_USAGE = YES_ERROR;
				CLANG_WARN_DOCUMENTATION_COMMENTS = YES;
				CLANG_WARN_EMPTY_BODY = YES;
				CLANG_WARN_ENUM_CONVERSION = YES;
				CLANG_WARN_INFINITE_RECURSION = YES;
				CLANG_WARN_INT_CONVERSION = YES;
				CLANG_WARN_NON_LITERAL_NULL_CONVERSION = YES;
				CLANG_WARN_OBJC_IMPLICIT_RETAIN_SELF = YES;
				CLANG_WARN_OBJC_LITERAL_CONVERSION = YES;
				CLANG_WARN_OBJC_ROOT_CLASS = YES_ERROR;
				CLANG_WARN_QUOTED_INCLUDE_IN_FRAMEWORK_HEADER = YES;
				CLANG_WARN_RANGE_LOOP_ANALYSIS = YES;
				CLANG_WARN_STRICT_PROTOTYPES = YES;
				CLANG_WARN_SUSPICIOUS_MOVE = YES;
				CLANG_WARN_UNGUARDED_AVAILABILITY = YES_AGGRESSIVE;
				CLANG_WARN_UNREACHABLE_CODE = YES;
				CLANG_WARN__DUPLICATE_METHOD_MATCH = YES;
				COPY_PHASE_STRIP = NO;
				DEBUG_INFORMATION_FORMAT = dwarf;
				ENABLE_STRICT_OBJC_MSGSEND = YES;
				ENABLE_TESTABILITY = YES;
				GCC_C_LANGUAGE_STANDARD = gnu11;
				GCC_DYNAMIC_NO_PIC = NO;
				GCC_NO_COMMON_BLOCKS = YES;
				GCC_OPTIMIZATION_LEVEL = 0;
				GCC_PREPROCESSOR_DEFINITIONS = (
					"DEBUG=1",
					"$(inherited)",
				);
				GCC_WARN_64_TO_32_BIT_CONVERSION = YES;
				GCC_WARN_ABOUT_RETURN_TYPE = YES_ERROR;
				GCC_WARN_UNDECLARED_SELECTOR = YES;
				GCC_WARN_UNINITIALIZED_AUTOS = YES_AGGRESSIVE;
				GCC_WARN_UNUSED_FUNCTION = YES;
				GCC_WARN_UNUSED_VARIABLE = YES;
				IPHONEOS_DEPLOYMENT_TARGET = 16.4;
				MTL_ENABLE_DEBUG_INFO = INCLUDE_SOURCE;
				MTL_FAST_MATH = YES;
				ONLY_ACTIVE_ARCH = YES;
				SDKROOT = iphoneos;
				SWIFT_ACTIVE_COMPILATION_CONDITIONS = DEBUG;
				SWIFT_OPTIMIZATION_LEVEL = "-Onone";
			};
			name = Debug;
		};
		1CCA2B142AFFEA7B002A320C /* Release */ = {
			isa = XCBuildConfiguration;
			buildSettings = {
				ALWAYS_SEARCH_USER_PATHS = NO;
				CLANG_ANALYZER_NONNULL = YES;
				CLANG_ANALYZER_NUMBER_OBJECT_CONVERSION = YES_AGGRESSIVE;
				CLANG_CXX_LANGUAGE_STANDARD = "gnu++20";
				CLANG_ENABLE_MODULES = YES;
				CLANG_ENABLE_OBJC_ARC = YES;
				CLANG_ENABLE_OBJC_WEAK = YES;
				CLANG_WARN_BLOCK_CAPTURE_AUTORELEASING = YES;
				CLANG_WARN_BOOL_CONVERSION = YES;
				CLANG_WARN_COMMA = YES;
				CLANG_WARN_CONSTANT_CONVERSION = YES;
				CLANG_WARN_DEPRECATED_OBJC_IMPLEMENTATIONS = YES;
				CLANG_WARN_DIRECT_OBJC_ISA_USAGE = YES_ERROR;
				CLANG_WARN_DOCUMENTATION_COMMENTS = YES;
				CLANG_WARN_EMPTY_BODY = YES;
				CLANG_WARN_ENUM_CONVERSION = YES;
				CLANG_WARN_INFINITE_RECURSION = YES;
				CLANG_WARN_INT_CONVERSION = YES;
				CLANG_WARN_NON_LITERAL_NULL_CONVERSION = YES;
				CLANG_WARN_OBJC_IMPLICIT_RETAIN_SELF = YES;
				CLANG_WARN_OBJC_LITERAL_CONVERSION = YES;
				CLANG_WARN_OBJC_ROOT_CLASS = YES_ERROR;
				CLANG_WARN_QUOTED_INCLUDE_IN_FRAMEWORK_HEADER = YES;
				CLANG_WARN_RANGE_LOOP_ANALYSIS = YES;
				CLANG_WARN_STRICT_PROTOTYPES = YES;
				CLANG_WARN_SUSPICIOUS_MOVE = YES;
				CLANG_WARN_UNGUARDED_AVAILABILITY = YES_AGGRESSIVE;
				CLANG_WARN_UNREACHABLE_CODE = YES;
				CLANG_WARN__DUPLICATE_METHOD_MATCH = YES;
				COPY_PHASE_STRIP = NO;
				DEBUG_INFORMATION_FORMAT = "dwarf-with-dsym";
				ENABLE_NS_ASSERTIONS = NO;
				ENABLE_STRICT_OBJC_MSGSEND = YES;
				GCC_C_LANGUAGE_STANDARD = gnu11;
				GCC_NO_COMMON_BLOCKS = YES;
				GCC_WARN_64_TO_32_BIT_CONVERSION = YES;
				GCC_WARN_ABOUT_RETURN_TYPE = YES_ERROR;
				GCC_WARN_UNDECLARED_SELECTOR = YES;
				GCC_WARN_UNINITIALIZED_AUTOS = YES_AGGRESSIVE;
				GCC_WARN_UNUSED_FUNCTION = YES;
				GCC_WARN_UNUSED_VARIABLE = YES;
				IPHONEOS_DEPLOYMENT_TARGET = 16.4;
				MTL_ENABLE_DEBUG_INFO = NO;
				MTL_FAST_MATH = YES;
				SDKROOT = iphoneos;
				SWIFT_COMPILATION_MODE = wholemodule;
				SWIFT_OPTIMIZATION_LEVEL = "-O";
				VALIDATE_PRODUCT = YES;
			};
			name = Release;
		};
		1CCA2B162AFFEA7B002A320C /* Debug */ = {
			isa = XCBuildConfiguration;
			buildSettings = {
				ASSETCATALOG_COMPILER_APPICON_NAME = AppIcon;
				ASSETCATALOG_COMPILER_GLOBAL_ACCENT_COLOR_NAME = AccentColor;
				CODE_SIGN_STYLE = Automatic;
				CURRENT_PROJECT_VERSION = 1;
				DEVELOPMENT_ASSET_PATHS = "\"ios tiktaktoe/Preview Content\"";
				ENABLE_PREVIEWS = YES;
				GENERATE_INFOPLIST_FILE = YES;
				INFOPLIST_KEY_UIApplicationSceneManifest_Generation = YES;
				INFOPLIST_KEY_UIApplicationSupportsIndirectInputEvents = YES;
				INFOPLIST_KEY_UILaunchScreen_Generation = YES;
				INFOPLIST_KEY_UISupportedInterfaceOrientations_iPad = "UIInterfaceOrientationPortrait UIInterfaceOrientationPortraitUpsideDown UIInterfaceOrientationLandscapeLeft UIInterfaceOrientationLandscapeRight";
				INFOPLIST_KEY_UISupportedInterfaceOrientations_iPhone = "UIInterfaceOrientationPortrait UIInterfaceOrientationLandscapeLeft UIInterfaceOrientationLandscapeRight";
				LD_RUNPATH_SEARCH_PATHS = (
					"$(inherited)",
					"@executable_path/Frameworks",
				);
				MARKETING_VERSION = 1.0;
				PRODUCT_BUNDLE_IDENTIFIER = "com.Edwin.ios-calculator";
				PRODUCT_NAME = "$(TARGET_NAME)";
				SWIFT_EMIT_LOC_STRINGS = YES;
				SWIFT_VERSION = 5.0;
				TARGETED_DEVICE_FAMILY = "1,2";
			};
			name = Debug;
		};
		1CCA2B172AFFEA7B002A320C /* Release */ = {
			isa = XCBuildConfiguration;
			buildSettings = {
				ASSETCATALOG_COMPILER_APPICON_NAME = AppIcon;
				ASSETCATALOG_COMPILER_GLOBAL_ACCENT_COLOR_NAME = AccentColor;
				CODE_SIGN_STYLE = Automatic;
				CURRENT_PROJECT_VERSION = 1;
				DEVELOPMENT_ASSET_PATHS = "\"ios tiktaktoe/Preview Content\"";
				ENABLE_PREVIEWS = YES;
				GENERATE_INFOPLIST_FILE = YES;
				INFOPLIST_KEY_UIApplicationSceneManifest_Generation = YES;
				INFOPLIST_KEY_UIApplicationSupportsIndirectInputEvents = YES;
				INFOPLIST_KEY_UILaunchScreen_Generation = YES;
				INFOPLIST_KEY_UISupportedInterfaceOrientations_iPad = "UIInterfaceOrientationPortrait UIInterfaceOrientationPortraitUpsideDown UIInterfaceOrientationLandscapeLeft UIInterfaceOrientationLandscapeRight";
				INFOPLIST_KEY_UISupportedInterfaceOrientations_iPhone = "UIInterfaceOrientationPortrait UIInterfaceOrientationLandscapeLeft UIInterfaceOrientationLandscapeRight";
				LD_RUNPATH_SEARCH_PATHS = (
					"$(inherited)",
					"@executable_path/Frameworks",
				);
				MARKETING_VERSION = 1.0;
				PRODUCT_BUNDLE_IDENTIFIER = "com.Edwin.ios-calculator";
				PRODUCT_NAME = "$(TARGET_NAME)";
				SWIFT_EMIT_LOC_STRINGS = YES;
				SWIFT_VERSION = 5.0;
				TARGETED_DEVICE_FAMILY = "1,2";
			};
			name = Release;
		};
		1CCA2B192AFFEA7B002A320C /* Debug */ = {
			isa = XCBuildConfiguration;
			buildSettings = {
				ALWAYS_EMBED_SWIFT_STANDARD_LIBRARIES = YES;
				BUNDLE_LOADER = "$(TEST_HOST)";
				CODE_SIGN_STYLE = Automatic;
				CURRENT_PROJECT_VERSION = 1;
				GENERATE_INFOPLIST_FILE = YES;
				IPHONEOS_DEPLOYMENT_TARGET = 16.4;
				MARKETING_VERSION = 1.0;
				PRODUCT_BUNDLE_IDENTIFIER = "com.Edwin.ios-calculatorTests";
				PRODUCT_NAME = "$(TARGET_NAME)";
				SWIFT_EMIT_LOC_STRINGS = NO;
				SWIFT_VERSION = 5.0;
				TARGETED_DEVICE_FAMILY = "1,2";
				TEST_HOST = "$(BUILT_PRODUCTS_DIR)/ios tiktaktoe.app/$(BUNDLE_EXECUTABLE_FOLDER_PATH)/ios tiktaktoe";
			};
			name = Debug;
		};
		1CCA2B1A2AFFEA7B002A320C /* Release */ = {
			isa = XCBuildConfiguration;
			buildSettings = {
				ALWAYS_EMBED_SWIFT_STANDARD_LIBRARIES = YES;
				BUNDLE_LOADER = "$(TEST_HOST)";
				CODE_SIGN_STYLE = Automatic;
				CURRENT_PROJECT_VERSION = 1;
				GENERATE_INFOPLIST_FILE = YES;
				IPHONEOS_DEPLOYMENT_TARGET = 16.4;
				MARKETING_VERSION = 1.0;
				PRODUCT_BUNDLE_IDENTIFIER = "com.Edwin.ios-calculatorTests";
				PRODUCT_NAME = "$(TARGET_NAME)";
				SWIFT_EMIT_LOC_STRINGS = NO;
				SWIFT_VERSION = 5.0;
				TARGETED_DEVICE_FAMILY = "1,2";
				TEST_HOST = "$(BUILT_PRODUCTS_DIR)/ios tiktaktoe.app/$(BUNDLE_EXECUTABLE_FOLDER_PATH)/ios tiktaktoe";
			};
			name = Release;
		};
		1CCA2B1C2AFFEA7B002A320C /* Debug */ = {
			isa = XCBuildConfiguration;
			buildSettings = {
				ALWAYS_EMBED_SWIFT_STANDARD_LIBRARIES = YES;
				CODE_SIGN_STYLE = Automatic;
				CURRENT_PROJECT_VERSION = 1;
				GENERATE_INFOPLIST_FILE = YES;
				MARKETING_VERSION = 1.0;
				PRODUCT_BUNDLE_IDENTIFIER = "com.Edwin.ios-calculatorUITests";
				PRODUCT_NAME = "$(TARGET_NAME)";
				SWIFT_EMIT_LOC_STRINGS = NO;
				SWIFT_VERSION = 5.0;
				TARGETED_DEVICE_FAMILY = "1,2";
				TEST_TARGET_NAME = "ios calculator";
			};
			name = Debug;
		};
		1CCA2B1D2AFFEA7B002A320C /* Release */ = {
			isa = XCBuildConfiguration;
			buildSettings = {
				ALWAYS_EMBED_SWIFT_STANDARD_LIBRARIES = YES;
				CODE_SIGN_STYLE = Automatic;
				CURRENT_PROJECT_VERSION = 1;
				GENERATE_INFOPLIST_FILE = YES;
				MARKETING_VERSION = 1.0;
				PRODUCT_BUNDLE_IDENTIFIER = "com.Edwin.ios-calculatorUITests";
				PRODUCT_NAME = "$(TARGET_NAME)";
				SWIFT_EMIT_LOC_STRINGS = NO;
				SWIFT_VERSION = 5.0;
				TARGETED_DEVICE_FAMILY = "1,2";
				TEST_TARGET_NAME = "ios calculator";
			};
			name = Release;
		};
/* End XCBuildConfiguration section */

/* Begin XCConfigurationList section */
		1CCA2AEC2AFFEA79002A320C /* Build configuration list for PBXProject "ios tiktaktoe" */ = {
			isa = XCConfigurationList;
			buildConfigurations = (
				1CCA2B132AFFEA7B002A320C /* Debug */,
				1CCA2B142AFFEA7B002A320C /* Release */,
			);
			defaultConfigurationIsVisible = 0;
			defaultConfigurationName = Release;
		};
		1CCA2B152AFFEA7B002A320C /* Build configuration list for PBXNativeTarget "ios tiktaktoe" */ = {
			isa = XCConfigurationList;
			buildConfigurations = (
				1CCA2B162AFFEA7B002A320C /* Debug */,
				1CCA2B172AFFEA7B002A320C /* Release */,
			);
			defaultConfigurationIsVisible = 0;
			defaultConfigurationName = Release;
		};
		1CCA2B182AFFEA7B002A320C /* Build configuration list for PBXNativeTarget "ios tiktaktoeTests" */ = {
			isa = XCConfigurationList;
			buildConfigurations = (
				1CCA2B192AFFEA7B002A320C /* Debug */,
				1CCA2B1A2AFFEA7B002A320C /* Release */,
			);
			defaultConfigurationIsVisible = 0;
			defaultConfigurationName = Release;
		};
		1CCA2B1B2AFFEA7B002A320C /* Build configuration list for PBXNativeTarget "ios tiktaktoeUITests" */ = {
			isa = XCConfigurationList;
			buildConfigurations = (
				1CCA2B1C2AFFEA7B002A320C /* Debug */,
				1CCA2B1D2AFFEA7B002A320C /* Release */,
			);
			defaultConfigurationIsVisible = 0;
			defaultConfigurationName = Release;
		};
/* End XCConfigurationList section */
	};
	rootObject = 1CCA2AE92AFFEA79002A320C /* Project object */;
}
